# This file is automatically @generated by Cargo.
# It is not intended for manual editing.
[[package]]
name = "echo-client"
version = "0.1.0"
dependencies = [
 "echo-protocol",
]

[[package]]
name = "echo-protocol"
version = "0.1.0"

[[package]]
name = "echo-server"
version = "0.1.0"
dependencies = [
 "echo-protocol",
]
